// !$*UTF8*$!
{
	archiveVersion = 1;
	classes = {
	};
	objectVersion = 55;
	objects = {

/* Begin PBXBuildFile section */
		DDCFE0A227E38C9400ECF5ED /* AppDelegate.swift in Sources */ = {isa = PBXBuildFile; fileRef = DDCFE0A127E38C9400ECF5ED /* AppDelegate.swift */; };
		DDCFE0A427E38C9400ECF5ED /* SceneDelegate.swift in Sources */ = {isa = PBXBuildFile; fileRef = DDCFE0A327E38C9400ECF5ED /* SceneDelegate.swift */; };
		DDCFE0A627E38C9400ECF5ED /* ViewController.swift in Sources */ = {isa = PBXBuildFile; fileRef = DDCFE0A527E38C9400ECF5ED /* ViewController.swift */; };
		DDCFE0A927E38C9400ECF5ED /* Main.storyboard in Resources */ = {isa = PBXBuildFile; fileRef = DDCFE0A727E38C9400ECF5ED /* Main.storyboard */; };
		DDCFE0AB27E38C9600ECF5ED /* Assets.xcassets in Resources */ = {isa = PBXBuildFile; fileRef = DDCFE0AA27E38C9600ECF5ED /* Assets.xcassets */; };
		DDCFE0AE27E38C9600ECF5ED /* LaunchScreen.storyboard in Resources */ = {isa = PBXBuildFile; fileRef = DDCFE0AC27E38C9600ECF5ED /* LaunchScreen.storyboard */; };
		DDCFE0B927E38C9600ECF5ED /* AnalyticsCleanArchitectureTests.swift in Sources */ = {isa = PBXBuildFile; fileRef = DDCFE0B827E38C9600ECF5ED /* AnalyticsCleanArchitectureTests.swift */; };
		DDCFE0C327E38C9600ECF5ED /* AnalyticsCleanArchitectureUITests.swift in Sources */ = {isa = PBXBuildFile; fileRef = DDCFE0C227E38C9600ECF5ED /* AnalyticsCleanArchitectureUITests.swift */; };
		DDCFE0C527E38C9600ECF5ED /* AnalyticsCleanArchitectureUITestsLaunchTests.swift in Sources */ = {isa = PBXBuildFile; fileRef = DDCFE0C427E38C9600ECF5ED /* AnalyticsCleanArchitectureUITestsLaunchTests.swift */; };
/* End PBXBuildFile section */

/* Begin PBXContainerItemProxy section */
		DDCFE0B527E38C9600ECF5ED /* PBXContainerItemProxy */ = {
			isa = PBXContainerItemProxy;
			containerPortal = DDCFE09627E38C9400ECF5ED /* Project object */;
			proxyType = 1;
			remoteGlobalIDString = DDCFE09D27E38C9400ECF5ED;
			remoteInfo = AnalyticsCleanArchitecture;
		};
		DDCFE0BF27E38C9600ECF5ED /* PBXContainerItemProxy */ = {
			isa = PBXContainerItemProxy;
			containerPortal = DDCFE09627E38C9400ECF5ED /* Project object */;
			proxyType = 1;
			remoteGlobalIDString = DDCFE09D27E38C9400ECF5ED;
			remoteInfo = AnalyticsCleanArchitecture;
		};
/* End PBXContainerItemProxy section */

/* Begin PBXFileReference section */
		DDCFE09E27E38C9400ECF5ED /* AnalyticsCleanArchitecture.app */ = {isa = PBXFileReference; explicitFileType = wrapper.application; includeInIndex = 0; path = AnalyticsCleanArchitecture.app; sourceTree = BUILT_PRODUCTS_DIR; };
		DDCFE0A127E38C9400ECF5ED /* AppDelegate.swift */ = {isa = PBXFileReference; lastKnownFileType = sourcecode.swift; path = AppDelegate.swift; sourceTree = "<group>"; };
		DDCFE0A327E38C9400ECF5ED /* SceneDelegate.swift */ = {isa = PBXFileReference; lastKnownFileType = sourcecode.swift; path = SceneDelegate.swift; sourceTree = "<group>"; };
		DDCFE0A527E38C9400ECF5ED /* ViewController.swift */ = {isa = PBXFileReference; lastKnownFileType = sourcecode.swift; path = ViewController.swift; sourceTree = "<group>"; };
		DDCFE0A827E38C9400ECF5ED /* Base */ = {isa = PBXFileReference; lastKnownFileType = file.storyboard; name = Base; path = Base.lproj/Main.storyboard; sourceTree = "<group>"; };
		DDCFE0AA27E38C9600ECF5ED /* Assets.xcassets */ = {isa = PBXFileReference; lastKnownFileType = folder.assetcatalog; path = Assets.xcassets; sourceTree = "<group>"; };
		DDCFE0AD27E38C9600ECF5ED /* Base */ = {isa = PBXFileReference; lastKnownFileType = file.storyboard; name = Base; path = Base.lproj/LaunchScreen.storyboard; sourceTree = "<group>"; };
		DDCFE0AF27E38C9600ECF5ED /* Info.plist */ = {isa = PBXFileReference; lastKnownFileType = text.plist.xml; path = Info.plist; sourceTree = "<group>"; };
		DDCFE0B427E38C9600ECF5ED /* AnalyticsCleanArchitectureTests.xctest */ = {isa = PBXFileReference; explicitFileType = wrapper.cfbundle; includeInIndex = 0; path = AnalyticsCleanArchitectureTests.xctest; sourceTree = BUILT_PRODUCTS_DIR; };
		DDCFE0B827E38C9600ECF5ED /* AnalyticsCleanArchitectureTests.swift */ = {isa = PBXFileReference; lastKnownFileType = sourcecode.swift; path = AnalyticsCleanArchitectureTests.swift; sourceTree = "<group>"; };
		DDCFE0BE27E38C9600ECF5ED /* AnalyticsCleanArchitectureUITests.xctest */ = {isa = PBXFileReference; explicitFileType = wrapper.cfbundle; includeInIndex = 0; path = AnalyticsCleanArchitectureUITests.xctest; sourceTree = BUILT_PRODUCTS_DIR; };
		DDCFE0C227E38C9600ECF5ED /* AnalyticsCleanArchitectureUITests.swift */ = {isa = PBXFileReference; lastKnownFileType = sourcecode.swift; path = AnalyticsCleanArchitectureUITests.swift; sourceTree = "<group>"; };
		DDCFE0C427E38C9600ECF5ED /* AnalyticsCleanArchitectureUITestsLaunchTests.swift */ = {isa = PBXFileReference; lastKnownFileType = sourcecode.swift; path = AnalyticsCleanArchitectureUITestsLaunchTests.swift; sourceTree = "<group>"; };
/* End PBXFileReference section */

/* Begin PBXFrameworksBuildPhase section */
		DDCFE09B27E38C9400ECF5ED /* Frameworks */ = {
			isa = PBXFrameworksBuildPhase;
			buildActionMask = 2147483647;
			files = (
			);
			runOnlyForDeploymentPostprocessing = 0;
		};
		DDCFE0B127E38C9600ECF5ED /* Frameworks */ = {
			isa = PBXFrameworksBuildPhase;
			buildActionMask = 2147483647;
			files = (
			);
			runOnlyForDeploymentPostprocessing = 0;
		};
		DDCFE0BB27E38C9600ECF5ED /* Frameworks */ = {
			isa = PBXFrameworksBuildPhase;
			buildActionMask = 2147483647;
			files = (
			);
			runOnlyForDeploymentPostprocessing = 0;
		};
/* End PBXFrameworksBuildPhase section */

/* Begin PBXGroup section */
		DDCFE09527E38C9400ECF5ED = {
			isa = PBXGroup;
			children = (
				DDCFE0A027E38C9400ECF5ED /* AnalyticsCleanArchitecture */,
				DDCFE0B727E38C9600ECF5ED /* AnalyticsCleanArchitectureTests */,
				DDCFE0C127E38C9600ECF5ED /* AnalyticsCleanArchitectureUITests */,
				DDCFE09F27E38C9400ECF5ED /* Products */,
			);
			sourceTree = "<group>";
		};
		DDCFE09F27E38C9400ECF5ED /* Products */ = {
			isa = PBXGroup;
			children = (
				DDCFE09E27E38C9400ECF5ED /* AnalyticsCleanArchitecture.app */,
				DDCFE0B427E38C9600ECF5ED /* AnalyticsCleanArchitectureTests.xctest */,
				DDCFE0BE27E38C9600ECF5ED /* AnalyticsCleanArchitectureUITests.xctest */,
			);
			name = Products;
			sourceTree = "<group>";
		};
		DDCFE0A027E38C9400ECF5ED /* AnalyticsCleanArchitecture */ = {
			isa = PBXGroup;
			children = (
				DDCFE0A127E38C9400ECF5ED /* AppDelegate.swift */,
				DDCFE0A327E38C9400ECF5ED /* SceneDelegate.swift */,
				DDCFE0A527E38C9400ECF5ED /* ViewController.swift */,
				DDCFE0A727E38C9400ECF5ED /* Main.storyboard */,
				DDCFE0AA27E38C9600ECF5ED /* Assets.xcassets */,
				DDCFE0AC27E38C9600ECF5ED /* LaunchScreen.storyboard */,
				DDCFE0AF27E38C9600ECF5ED /* Info.plist */,
			);
			path = AnalyticsCleanArchitecture;
			sourceTree = "<group>";
		};
		DDCFE0B727E38C9600ECF5ED /* AnalyticsCleanArchitectureTests */ = {
			isa = PBXGroup;
			children = (
				DDCFE0B827E38C9600ECF5ED /* AnalyticsCleanArchitectureTests.swift */,
			);
			path = AnalyticsCleanArchitectureTests;
			sourceTree = "<group>";
		};
		DDCFE0C127E38C9600ECF5ED /* AnalyticsCleanArchitectureUITests */ = {
			isa = PBXGroup;
			children = (
				DDCFE0C227E38C9600ECF5ED /* AnalyticsCleanArchitectureUITests.swift */,
				DDCFE0C427E38C9600ECF5ED /* AnalyticsCleanArchitectureUITestsLaunchTests.swift */,
			);
			path = AnalyticsCleanArchitectureUITests;
			sourceTree = "<group>";
		};
/* End PBXGroup section */

/* Begin PBXNativeTarget section */
		DDCFE09D27E38C9400ECF5ED /* AnalyticsCleanArchitecture */ = {
			isa = PBXNativeTarget;
			buildConfigurationList = DDCFE0C827E38C9600ECF5ED /* Build configuration list for PBXNativeTarget "AnalyticsCleanArchitecture" */;
			buildPhases = (
				DDCFE09A27E38C9400ECF5ED /* Sources */,
				DDCFE09B27E38C9400ECF5ED /* Frameworks */,
				DDCFE09C27E38C9400ECF5ED /* Resources */,
			);
			buildRules = (
			);
			dependencies = (
			);
			name = AnalyticsCleanArchitecture;
			productName = AnalyticsCleanArchitecture;
			productReference = DDCFE09E27E38C9400ECF5ED /* AnalyticsCleanArchitecture.app */;
			productType = "com.apple.product-type.application";
		};
		DDCFE0B327E38C9600ECF5ED /* AnalyticsCleanArchitectureTests */ = {
			isa = PBXNativeTarget;
			buildConfigurationList = DDCFE0CB27E38C9600ECF5ED /* Build configuration list for PBXNativeTarget "AnalyticsCleanArchitectureTests" */;
			buildPhases = (
				DDCFE0B027E38C9600ECF5ED /* Sources */,
				DDCFE0B127E38C9600ECF5ED /* Frameworks */,
				DDCFE0B227E38C9600ECF5ED /* Resources */,
			);
			buildRules = (
			);
			dependencies = (
				DDCFE0B627E38C9600ECF5ED /* PBXTargetDependency */,
			);
			name = AnalyticsCleanArchitectureTests;
			productName = AnalyticsCleanArchitectureTests;
			productReference = DDCFE0B427E38C9600ECF5ED /* AnalyticsCleanArchitectureTests.xctest */;
			productType = "com.apple.product-type.bundle.unit-test";
		};
		DDCFE0BD27E38C9600ECF5ED /* AnalyticsCleanArchitectureUITests */ = {
			isa = PBXNativeTarget;
			buildConfigurationList = DDCFE0CE27E38C9600ECF5ED /* Build configuration list for PBXNativeTarget "AnalyticsCleanArchitectureUITests" */;
			buildPhases = (
				DDCFE0BA27E38C9600ECF5ED /* Sources */,
				DDCFE0BB27E38C9600ECF5ED /* Frameworks */,
				DDCFE0BC27E38C9600ECF5ED /* Resources */,
			);
			buildRules = (
			);
			dependencies = (
				DDCFE0C027E38C9600ECF5ED /* PBXTargetDependency */,
			);
			name = AnalyticsCleanArchitectureUITests;
			productName = AnalyticsCleanArchitectureUITests;
			productReference = DDCFE0BE27E38C9600ECF5ED /* AnalyticsCleanArchitectureUITests.xctest */;
			productType = "com.apple.product-type.bundle.ui-testing";
		};
/* End PBXNativeTarget section */

/* Begin PBXProject section */
		DDCFE09627E38C9400ECF5ED /* Project object */ = {
			isa = PBXProject;
			attributes = {
				BuildIndependentTargetsInParallel = 1;
				LastSwiftUpdateCheck = 1330;
				LastUpgradeCheck = 1330;
				TargetAttributes = {
					DDCFE09D27E38C9400ECF5ED = {
						CreatedOnToolsVersion = 13.3;
					};
					DDCFE0B327E38C9600ECF5ED = {
						CreatedOnToolsVersion = 13.3;
						TestTargetID = DDCFE09D27E38C9400ECF5ED;
					};
					DDCFE0BD27E38C9600ECF5ED = {
						CreatedOnToolsVersion = 13.3;
						TestTargetID = DDCFE09D27E38C9400ECF5ED;
					};
				};
			};
			buildConfigurationList = DDCFE09927E38C9400ECF5ED /* Build configuration list for PBXProject "AnalyticsCleanArchitecture" */;
			compatibilityVersion = "Xcode 13.0";
			developmentRegion = en;
			hasScannedForEncodings = 0;
			knownRegions = (
				en,
				Base,
			);
			mainGroup = DDCFE09527E38C9400ECF5ED;
			productRefGroup = DDCFE09F27E38C9400ECF5ED /* Products */;
			projectDirPath = "";
			projectRoot = "";
			targets = (
				DDCFE09D27E38C9400ECF5ED /* AnalyticsCleanArchitecture */,
				DDCFE0B327E38C9600ECF5ED /* AnalyticsCleanArchitectureTests */,
				DDCFE0BD27E38C9600ECF5ED /* AnalyticsCleanArchitectureUITests */,
			);
		};
/* End PBXProject section */

/* Begin PBXResourcesBuildPhase section */
		DDCFE09C27E38C9400ECF5ED /* Resources */ = {
			isa = PBXResourcesBuildPhase;
			buildActionMask = 2147483647;
			files = (
				DDCFE0AE27E38C9600ECF5ED /* LaunchScreen.storyboard in Resources */,
				DDCFE0AB27E38C9600ECF5ED /* Assets.xcassets in Resources */,
				DDCFE0A927E38C9400ECF5ED /* Main.storyboard in Resources */,
			);
			runOnlyForDeploymentPostprocessing = 0;
		};
		DDCFE0B227E38C9600ECF5ED /* Resources */ = {
			isa = PBXResourcesBuildPhase;
			buildActionMask = 2147483647;
			files = (
			);
			runOnlyForDeploymentPostprocessing = 0;
		};
		DDCFE0BC27E38C9600ECF5ED /* Resources */ = {
			isa = PBXResourcesBuildPhase;
			buildActionMask = 2147483647;
			files = (
			);
			runOnlyForDeploymentPostprocessing = 0;
		};
/* End PBXResourcesBuildPhase section */

/* Begin PBXSourcesBuildPhase section */
		DDCFE09A27E38C9400ECF5ED /* Sources */ = {
			isa = PBXSourcesBuildPhase;
			buildActionMask = 2147483647;
			files = (
				DDCFE0A627E38C9400ECF5ED /* ViewController.swift in Sources */,
				DDCFE0A227E38C9400ECF5ED /* AppDelegate.swift in Sources */,
				DDCFE0A427E38C9400ECF5ED /* SceneDelegate.swift in Sources */,
			);
			runOnlyForDeploymentPostprocessing = 0;
		};
		DDCFE0B027E38C9600ECF5ED /* Sources */ = {
			isa = PBXSourcesBuildPhase;
			buildActionMask = 2147483647;
			files = (
				DDCFE0B927E38C9600ECF5ED /* AnalyticsCleanArchitectureTests.swift in Sources */,
			);
			runOnlyForDeploymentPostprocessing = 0;
		};
		DDCFE0BA27E38C9600ECF5ED /* Sources */ = {
			isa = PBXSourcesBuildPhase;
			buildActionMask = 2147483647;
			files = (
				DDCFE0C527E38C9600ECF5ED /* AnalyticsCleanArchitectureUITestsLaunchTests.swift in Sources */,
				DDCFE0C327E38C9600ECF5ED /* AnalyticsCleanArchitectureUITests.swift in Sources */,
			);
			runOnlyForDeploymentPostprocessing = 0;
		};
/* End PBXSourcesBuildPhase section */

/* Begin PBXTargetDependency section */
		DDCFE0B627E38C9600ECF5ED /* PBXTargetDependency */ = {
			isa = PBXTargetDependency;
			target = DDCFE09D27E38C9400ECF5ED /* AnalyticsCleanArchitecture */;
			targetProxy = DDCFE0B527E38C9600ECF5ED /* PBXContainerItemProxy */;
		};
		DDCFE0C027E38C9600ECF5ED /* PBXTargetDependency */ = {
			isa = PBXTargetDependency;
			target = DDCFE09D27E38C9400ECF5ED /* AnalyticsCleanArchitecture */;
			targetProxy = DDCFE0BF27E38C9600ECF5ED /* PBXContainerItemProxy */;
		};
/* End PBXTargetDependency section */

/* Begin PBXVariantGroup section */
		DDCFE0A727E38C9400ECF5ED /* Main.storyboard */ = {
			isa = PBXVariantGroup;
			children = (
				DDCFE0A827E38C9400ECF5ED /* Base */,
			);
			name = Main.storyboard;
			sourceTree = "<group>";
		};
		DDCFE0AC27E38C9600ECF5ED /* LaunchScreen.storyboard */ = {
			isa = PBXVariantGroup;
			children = (
				DDCFE0AD27E38C9600ECF5ED /* Base */,
			);
			name = LaunchScreen.storyboard;
			sourceTree = "<group>";
		};
/* End PBXVariantGroup section */

/* Begin XCBuildConfiguration section */
		DDCFE0C627E38C9600ECF5ED /* Debug */ = {
			isa = XCBuildConfiguration;
			buildSettings = {
				ALWAYS_SEARCH_USER_PATHS = NO;
				CLANG_ANALYZER_NONNULL = YES;
				CLANG_ANALYZER_NUMBER_OBJECT_CONVERSION = YES_AGGRESSIVE;
				CLANG_CXX_LANGUAGE_STANDARD = "gnu++17";
				CLANG_ENABLE_MODULES = YES;
				CLANG_ENABLE_OBJC_ARC = YES;
				CLANG_ENABLE_OBJC_WEAK = YES;
				CLANG_WARN_BLOCK_CAPTURE_AUTORELEASING = YES;
				CLANG_WARN_BOOL_CONVERSION = YES;
				CLANG_WARN_COMMA = YES;
				CLANG_WARN_CONSTANT_CONVERSION = YES;
				CLANG_WARN_DEPRECATED_OBJC_IMPLEMENTATIONS = YES;
				CLANG_WARN_DIRECT_OBJC_ISA_USAGE = YES_ERROR;
				CLANG_WARN_DOCUMENTATION_COMMENTS = YES;
				CLANG_WARN_EMPTY_BODY = YES;
				CLANG_WARN_ENUM_CONVERSION = YES;
				CLANG_WARN_INFINITE_RECURSION = YES;
				CLANG_WARN_INT_CONVERSION = YES;
				CLANG_WARN_NON_LITERAL_NULL_CONVERSION = YES;
				CLANG_WARN_OBJC_IMPLICIT_RETAIN_SELF = YES;
				CLANG_WARN_OBJC_LITERAL_CONVERSION = YES;
				CLANG_WARN_OBJC_ROOT_CLASS = YES_ERROR;
				CLANG_WARN_QUOTED_INCLUDE_IN_FRAMEWORK_HEADER = YES;
				CLANG_WARN_RANGE_LOOP_ANALYSIS = YES;
				CLANG_WARN_STRICT_PROTOTYPES = YES;
				CLANG_WARN_SUSPICIOUS_MOVE = YES;
				CLANG_WARN_UNGUARDED_AVAILABILITY = YES_AGGRESSIVE;
				CLANG_WARN_UNREACHABLE_CODE = YES;
				CLANG_WARN__DUPLICATE_METHOD_MATCH = YES;
				COPY_PHASE_STRIP = NO;
				DEBUG_INFORMATION_FORMAT = dwarf;
				ENABLE_STRICT_OBJC_MSGSEND = YES;
				ENABLE_TESTABILITY = YES;
				GCC_C_LANGUAGE_STANDARD = gnu11;
				GCC_DYNAMIC_NO_PIC = NO;
				GCC_NO_COMMON_BLOCKS = YES;
				GCC_OPTIMIZATION_LEVEL = 0;
				GCC_PREPROCESSOR_DEFINITIONS = (
					"DEBUG=1",
					"$(inherited)",
				);
				GCC_WARN_64_TO_32_BIT_CONVERSION = YES;
				GCC_WARN_ABOUT_RETURN_TYPE = YES_ERROR;
				GCC_WARN_UNDECLARED_SELECTOR = YES;
				GCC_WARN_UNINITIALIZED_AUTOS = YES_AGGRESSIVE;
				GCC_WARN_UNUSED_FUNCTION = YES;
				GCC_WARN_UNUSED_VARIABLE = YES;
				IPHONEOS_DEPLOYMENT_TARGET = 15.4;
				MTL_ENABLE_DEBUG_INFO = INCLUDE_SOURCE;
				MTL_FAST_MATH = YES;
				ONLY_ACTIVE_ARCH = YES;
				SDKROOT = iphoneos;
				SWIFT_ACTIVE_COMPILATION_CONDITIONS = DEBUG;
				SWIFT_OPTIMIZATION_LEVEL = "-Onone";
			};
			name = Debug;
		};
		DDCFE0C727E38C9600ECF5ED /* Release */ = {
			isa = XCBuildConfiguration;
			buildSettings = {
				ALWAYS_SEARCH_USER_PATHS = NO;
				CLANG_ANALYZER_NONNULL = YES;
				CLANG_ANALYZER_NUMBER_OBJECT_CONVERSION = YES_AGGRESSIVE;
				CLANG_CXX_LANGUAGE_STANDARD = "gnu++17";
				CLANG_ENABLE_MODULES = YES;
				CLANG_ENABLE_OBJC_ARC = YES;
				CLANG_ENABLE_OBJC_WEAK = YES;
				CLANG_WARN_BLOCK_CAPTURE_AUTORELEASING = YES;
				CLANG_WARN_BOOL_CONVERSION = YES;
				CLANG_WARN_COMMA = YES;
				CLANG_WARN_CONSTANT_CONVERSION = YES;
				CLANG_WARN_DEPRECATED_OBJC_IMPLEMENTATIONS = YES;
				CLANG_WARN_DIRECT_OBJC_ISA_USAGE = YES_ERROR;
				CLANG_WARN_DOCUMENTATION_COMMENTS = YES;
				CLANG_WARN_EMPTY_BODY = YES;
				CLANG_WARN_ENUM_CONVERSION = YES;
				CLANG_WARN_INFINITE_RECURSION = YES;
				CLANG_WARN_INT_CONVERSION = YES;
				CLANG_WARN_NON_LITERAL_NULL_CONVERSION = YES;
				CLANG_WARN_OBJC_IMPLICIT_RETAIN_SELF = YES;
				CLANG_WARN_OBJC_LITERAL_CONVERSION = YES;
				CLANG_WARN_OBJC_ROOT_CLASS = YES_ERROR;
				CLANG_WARN_QUOTED_INCLUDE_IN_FRAMEWORK_HEADER = YES;
				CLANG_WARN_RANGE_LOOP_ANALYSIS = YES;
				CLANG_WARN_STRICT_PROTOTYPES = YES;
				CLANG_WARN_SUSPICIOUS_MOVE = YES;
				CLANG_WARN_UNGUARDED_AVAILABILITY = YES_AGGRESSIVE;
				CLANG_WARN_UNREACHABLE_CODE = YES;
				CLANG_WARN__DUPLICATE_METHOD_MATCH = YES;
				COPY_PHASE_STRIP = NO;
				DEBUG_INFORMATION_FORMAT = "dwarf-with-dsym";
				ENABLE_NS_ASSERTIONS = NO;
				ENABLE_STRICT_OBJC_MSGSEND = YES;
				GCC_C_LANGUAGE_STANDARD = gnu11;
				GCC_NO_COMMON_BLOCKS = YES;
				GCC_WARN_64_TO_32_BIT_CONVERSION = YES;
				GCC_WARN_ABOUT_RETURN_TYPE = YES_ERROR;
				GCC_WARN_UNDECLARED_SELECTOR = YES;
				GCC_WARN_UNINITIALIZED_AUTOS = YES_AGGRESSIVE;
				GCC_WARN_UNUSED_FUNCTION = YES;
				GCC_WARN_UNUSED_VARIABLE = YES;
				IPHONEOS_DEPLOYMENT_TARGET = 15.4;
				MTL_ENABLE_DEBUG_INFO = NO;
				MTL_FAST_MATH = YES;
				SDKROOT = iphoneos;
				SWIFT_COMPILATION_MODE = wholemodule;
				SWIFT_OPTIMIZATION_LEVEL = "-O";
				VALIDATE_PRODUCT = YES;
			};
			name = Release;
		};
		DDCFE0C927E38C9600ECF5ED /* Debug */ = {
			isa = XCBuildConfiguration;
			buildSettings = {
				ASSETCATALOG_COMPILER_APPICON_NAME = AppIcon;
				ASSETCATALOG_COMPILER_GLOBAL_ACCENT_COLOR_NAME = AccentColor;
				CODE_SIGN_STYLE = Automatic;
				CURRENT_PROJECT_VERSION = 1;
				DEVELOPMENT_TEAM = GLB476Z655;
				GENERATE_INFOPLIST_FILE = YES;
				INFOPLIST_FILE = AnalyticsCleanArchitecture/Info.plist;
				INFOPLIST_KEY_UIApplicationSupportsIndirectInputEvents = YES;
				INFOPLIST_KEY_UILaunchStoryboardName = LaunchScreen;
				INFOPLIST_KEY_UIMainStoryboardFile = Main;
				INFOPLIST_KEY_UISupportedInterfaceOrientations_iPad = "UIInterfaceOrientationPortrait UIInterfaceOrientationPortraitUpsideDown UIInterfaceOrientationLandscapeLeft UIInterfaceOrientationLandscapeRight";
				INFOPLIST_KEY_UISupportedInterfaceOrientations_iPhone = "UIInterfaceOrientationPortrait UIInterfaceOrientationLandscapeLeft UIInterfaceOrientationLandscapeRight";
				LD_RUNPATH_SEARCH_PATHS = (
					"$(inherited)",
					"@executable_path/Frameworks",
				);
				MARKETING_VERSION = 1.0;
				PRODUCT_BUNDLE_IDENTIFIER = outrowender.AnalyticsCleanArchitecture;
				PRODUCT_NAME = "$(TARGET_NAME)";
				SWIFT_EMIT_LOC_STRINGS = YES;
				SWIFT_VERSION = 5.0;
				TARGETED_DEVICE_FAMILY = "1,2";
			};
			name = Debug;
		};
		DDCFE0CA27E38C9600ECF5ED /* Release */ = {
			isa = XCBuildConfiguration;
			buildSettings = {
				ASSETCATALOG_COMPILER_APPICON_NAME = AppIcon;
				ASSETCATALOG_COMPILER_GLOBAL_ACCENT_COLOR_NAME = AccentColor;
				CODE_SIGN_STYLE = Automatic;
				CURRENT_PROJECT_VERSION = 1;
				DEVELOPMENT_TEAM = GLB476Z655;
				GENERATE_INFOPLIST_FILE = YES;
				INFOPLIST_FILE = AnalyticsCleanArchitecture/Info.plist;
				INFOPLIST_KEY_UIApplicationSupportsIndirectInputEvents = YES;
				INFOPLIST_KEY_UILaunchStoryboardName = LaunchScreen;
				INFOPLIST_KEY_UIMainStoryboardFile = Main;
				INFOPLIST_KEY_UISupportedInterfaceOrientations_iPad = "UIInterfaceOrientationPortrait UIInterfaceOrientationPortraitUpsideDown UIInterfaceOrientationLandscapeLeft UIInterfaceOrientationLandscapeRight";
				INFOPLIST_KEY_UISupportedInterfaceOrientations_iPhone = "UIInterfaceOrientationPortrait UIInterfaceOrientationLandscapeLeft UIInterfaceOrientationLandscapeRight";
				LD_RUNPATH_SEARCH_PATHS = (
					"$(inherited)",
					"@executable_path/Frameworks",
				);
				MARKETING_VERSION = 1.0;
				PRODUCT_BUNDLE_IDENTIFIER = outrowender.AnalyticsCleanArchitecture;
				PRODUCT_NAME = "$(TARGET_NAME)";
				SWIFT_EMIT_LOC_STRINGS = YES;
				SWIFT_VERSION = 5.0;
				TARGETED_DEVICE_FAMILY = "1,2";
			};
			name = Release;
		};
		DDCFE0CC27E38C9600ECF5ED /* Debug */ = {
			isa = XCBuildConfiguration;
			buildSettings = {
				ALWAYS_EMBED_SWIFT_STANDARD_LIBRARIES = YES;
				BUNDLE_LOADER = "$(TEST_HOST)";
				CODE_SIGN_STYLE = Automatic;
				CURRENT_PROJECT_VERSION = 1;
				DEVELOPMENT_TEAM = GLB476Z655;
				GENERATE_INFOPLIST_FILE = YES;
				IPHONEOS_DEPLOYMENT_TARGET = 15.4;
				MARKETING_VERSION = 1.0;
				PRODUCT_BUNDLE_IDENTIFIER = outrowender.AnalyticsCleanArchitectureTests;
				PRODUCT_NAME = "$(TARGET_NAME)";
				SWIFT_EMIT_LOC_STRINGS = NO;
				SWIFT_VERSION = 5.0;
				TARGETED_DEVICE_FAMILY = "1,2";
				TEST_HOST = "$(BUILT_PRODUCTS_DIR)/AnalyticsCleanArchitecture.app/AnalyticsCleanArchitecture";
			};
			name = Debug;
		};
		DDCFE0CD27E38C9600ECF5ED /* Release */ = {
			isa = XCBuildConfiguration;
			buildSettings = {
				ALWAYS_EMBED_SWIFT_STANDARD_LIBRARIES = YES;
				BUNDLE_LOADER = "$(TEST_HOST)";
				CODE_SIGN_STYLE = Automatic;
				CURRENT_PROJECT_VERSION = 1;
				DEVELOPMENT_TEAM = GLB476Z655;
				GENERATE_INFOPLIST_FILE = YES;
				IPHONEOS_DEPLOYMENT_TARGET = 15.4;
				MARKETING_VERSION = 1.0;
				PRODUCT_BUNDLE_IDENTIFIER = outrowender.AnalyticsCleanArchitectureTests;
				PRODUCT_NAME = "$(TARGET_NAME)";
				SWIFT_EMIT_LOC_STRINGS = NO;
				SWIFT_VERSION = 5.0;
				TARGETED_DEVICE_FAMILY = "1,2";
				TEST_HOST = "$(BUILT_PRODUCTS_DIR)/AnalyticsCleanArchitecture.app/AnalyticsCleanArchitecture";
			};
			name = Release;
		};
		DDCFE0CF27E38C9600ECF5ED /* Debug */ = {
			isa = XCBuildConfiguration;
			buildSettings = {
				ALWAYS_EMBED_SWIFT_STANDARD_LIBRARIES = YES;
				CODE_SIGN_STYLE = Automatic;
				CURRENT_PROJECT_VERSION = 1;
				DEVELOPMENT_TEAM = GLB476Z655;
				GENERATE_INFOPLIST_FILE = YES;
				MARKETING_VERSION = 1.0;
				PRODUCT_BUNDLE_IDENTIFIER = outrowender.AnalyticsCleanArchitectureUITests;
				PRODUCT_NAME = "$(TARGET_NAME)";
				SWIFT_EMIT_LOC_STRINGS = NO;
				SWIFT_VERSION = 5.0;
				TARGETED_DEVICE_FAMILY = "1,2";
				TEST_TARGET_NAME = AnalyticsCleanArchitecture;
			};
			name = Debug;
		};
		DDCFE0D027E38C9600ECF5ED /* Release */ = {
			isa = XCBuildConfiguration;
			buildSettings = {
				ALWAYS_EMBED_SWIFT_STANDARD_LIBRARIES = YES;
				CODE_SIGN_STYLE = Automatic;
				CURRENT_PROJECT_VERSION = 1;
				DEVELOPMENT_TEAM = GLB476Z655;
				GENERATE_INFOPLIST_FILE = YES;
				MARKETING_VERSION = 1.0;
				PRODUCT_BUNDLE_IDENTIFIER = outrowender.AnalyticsCleanArchitectureUITests;
				PRODUCT_NAME = "$(TARGET_NAME)";
				SWIFT_EMIT_LOC_STRINGS = NO;
				SWIFT_VERSION = 5.0;
				TARGETED_DEVICE_FAMILY = "1,2";
				TEST_TARGET_NAME = AnalyticsCleanArchitecture;
			};
			name = Release;
		};
/* End XCBuildConfiguration section */

/* Begin XCConfigurationList section */
		DDCFE09927E38C9400ECF5ED /* Build configuration list for PBXProject "AnalyticsCleanArchitecture" */ = {
			isa = XCConfigurationList;
			buildConfigurations = (
				DDCFE0C627E38C9600ECF5ED /* Debug */,
				DDCFE0C727E38C9600ECF5ED /* Release */,
			);
			defaultConfigurationIsVisible = 0;
			defaultConfigurationName = Release;
		};
		DDCFE0C827E38C9600ECF5ED /* Build configuration list for PBXNativeTarget "AnalyticsCleanArchitecture" */ = {
			isa = XCConfigurationList;
			buildConfigurations = (
				DDCFE0C927E38C9600ECF5ED /* Debug */,
				DDCFE0CA27E38C9600ECF5ED /* Release */,
			);
			defaultConfigurationIsVisible = 0;
			defaultConfigurationName = Release;
		};
		DDCFE0CB27E38C9600ECF5ED /* Build configuration list for PBXNativeTarget "AnalyticsCleanArchitectureTests" */ = {
			isa = XCConfigurationList;
			buildConfigurations = (
				DDCFE0CC27E38C9600ECF5ED /* Debug */,
				DDCFE0CD27E38C9600ECF5ED /* Release */,
			);
			defaultConfigurationIsVisible = 0;
			defaultConfigurationName = Release;
		};
		DDCFE0CE27E38C9600ECF5ED /* Build configuration list for PBXNativeTarget "AnalyticsCleanArchitectureUITests" */ = {
			isa = XCConfigurationList;
			buildConfigurations = (
				DDCFE0CF27E38C9600ECF5ED /* Debug */,
				DDCFE0D027E38C9600ECF5ED /* Release */,
			);
			defaultConfigurationIsVisible = 0;
			defaultConfigurationName = Release;
		};
/* End XCConfigurationList section */
	};
	rootObject = DDCFE09627E38C9400ECF5ED /* Project object */;
}
